
Microsoft Visual Studio Solution File, Format Version 12.00
# Visual Studio Version 17
VisualStudioVersion = 17.5.33502.453
MinimumVisualStudioVersion = 10.0.40219.1
Project("{9A19103F-16F7-4668-BE54-9A1E7A4F7556}") = "001", "WpfApp1\001.csproj", "{A13396CC-567B-49B2-A471-A995AD68413C}"
EndProject
Project("{9A19103F-16F7-4668-BE54-9A1E7A4F7556}") = "002", "WpfApp2\002.csproj", "{AC0A0C00-AA87-4DBF-A0EB-6633D73A28AA}"
EndProject
Project("{9A19103F-16F7-4668-BE54-9A1E7A4F7556}") = "003-exercise1", "003-exercise1\003-exercise1.csproj", "{5940ACCF-9F68-41D9-BDBC-021321894B4B}"
EndProject
Project("{FAE04EC0-301F-11D3-BF4B-00C04F79EFBC}") = "004-style", "004-style\004-style.csproj", "{955CC05D-CB33-45AE-84DB-DC259832C0B6}"
EndProject
Global
	GlobalSection(SolutionConfigurationPlatforms) = preSolution
		Debug|Any CPU = Debug|Any CPU
		Release|Any CPU = Release|Any CPU
	EndGlobalSection
	GlobalSection(ProjectConfigurationPlatforms) = postSolution
		{A13396CC-567B-49B2-A471-A995AD68413C}.Debug|Any CPU.ActiveCfg = Debug|Any CPU
		{A13396CC-567B-49B2-A471-A995AD68413C}.Debug|Any CPU.Build.0 = Debug|Any CPU
		{A13396CC-567B-49B2-A471-A995AD68413C}.Release|Any CPU.ActiveCfg = Release|Any CPU
		{A13396CC-567B-49B2-A471-A995AD68413C}.Release|Any CPU.Build.0 = Release|Any CPU
		{AC0A0C00-AA87-4DBF-A0EB-6633D73A28AA}.Debug|Any CPU.ActiveCfg = Debug|Any CPU
		{AC0A0C00-AA87-4DBF-A0EB-6633D73A28AA}.Debug|Any CPU.Build.0 = Debug|Any CPU
		{AC0A0C00-AA87-4DBF-A0EB-6633D73A28AA}.Release|Any CPU.ActiveCfg = Release|Any CPU
		{AC0A0C00-AA87-4DBF-A0EB-6633D73A28AA}.Release|Any CPU.Build.0 = Release|Any CPU
		{5940ACCF-9F68-41D9-BDBC-021321894B4B}.Debug|Any CPU.ActiveCfg = Debug|Any CPU
		{5940ACCF-9F68-41D9-BDBC-021321894B4B}.Debug|Any CPU.Build.0 = Debug|Any CPU
		{5940ACCF-9F68-41D9-BDBC-021321894B4B}.Release|Any CPU.ActiveCfg = Release|Any CPU
		{5940ACCF-9F68-41D9-BDBC-021321894B4B}.Release|Any CPU.Build.0 = Release|Any CPU
		{955CC05D-CB33-45AE-84DB-DC259832C0B6}.Debug|Any CPU.ActiveCfg = Debug|Any CPU
		{955CC05D-CB33-45AE-84DB-DC259832C0B6}.Debug|Any CPU.Build.0 = Debug|Any CPU
		{955CC05D-CB33-45AE-84DB-DC259832C0B6}.Release|Any CPU.ActiveCfg = Release|Any CPU
		{955CC05D-CB33-45AE-84DB-DC259832C0B6}.Release|Any CPU.Build.0 = Release|Any CPU
	EndGlobalSection
	GlobalSection(SolutionProperties) = preSolution
		HideSolutionNode = FALSE
	EndGlobalSection
	GlobalSection(ExtensibilityGlobals) = postSolution
		SolutionGuid = {8490D1FF-7E26-419F-B58B-341234CA84E1}
	EndGlobalSection
EndGlobal
